{
  "object": {
    "pins": [
      {
        "package": "Colorizer",
        "repositoryURL": "https://github.com/getGuaka/Colorizer.git",
        "state": {
          "branch": null,
          "revision": "2ccc99bf1715e73c4139e8d40b6e6b30be975586",
          "version": "0.2.1"
        }
      },
      {
        "package": "SourceKitten",
        "repositoryURL": "https://github.com/jpsim/SourceKitten.git",
        "state": {
          "branch": null,
          "revision": "558628392eb31d37cb251cfe626c53eafd330df6",
          "version": "0.31.1"
        }
      },
      {
        "package": "swift-argument-parser",
        "repositoryURL": "https://github.com/apple/swift-argument-parser",
        "state": {
          "branch": null,
          "revision": "e1465042f195f374b94f915ba8ca49de24300a0d",
          "version": "1.0.2"
        }
      },
      {
        "package": "cmark-gfm",
        "repositoryURL": "https://github.com/apple/swift-cmark.git",
        "state": {
          "branch": "gfm",
          "revision": "7fc530e5f12432db9768326ff74dc46de72a24e2",
          "version": null
        }
      },
      {
        "package": "swift-crypto",
        "repositoryURL": "https://github.com/apple/swift-crypto.git",
        "state": {
          "branch": null,
          "revision": "3bea268b223651c4ab7b7b9ad62ef9b2d4143eb6",
          "version": "1.1.6"
        }
      },
      {
        "package": "SwiftDocC",
        "repositoryURL": "https://github.com/apple/swift-docc.git",
        "state": {
          "branch": "main",
          "revision": "3f6b63b03c7fc634ba06287ea9b5ecfb6602b443",
          "version": null
        }
      },
      {
        "package": "SymbolKit",
        "repositoryURL": "https://github.com/apple/swift-docc-symbolkit",
        "state": {
          "branch": "main",
          "revision": "e84dde2938a1be7869cb59ec1997ce81fe282a85",
          "version": null
        }
      },
      {
        "package": "CLMDB",
        "repositoryURL": "https://github.com/apple/swift-lmdb.git",
        "state": {
          "branch": "main",
          "revision": "6ea45a7ebf6d8f72bd299dfcc3299e284bbb92ee",
          "version": null
        }
      },
      {
        "package": "swift-markdown",
        "repositoryURL": "https://github.com/apple/swift-markdown.git",
        "state": {
          "branch": "main",
          "revision": "16ebb0ccea68c0009f550bd48cca1df8675685dc",
          "version": null
        }
      },
      {
        "package": "swift-nio",
        "repositoryURL": "https://github.com/apple/swift-nio.git",
        "state": {
          "branch": null,
          "revision": "1d425b0851ffa2695d488cce1d68df2539f42500",
          "version": "2.31.2"
        }
      },
      {
        "package": "swift-nio-ssl",
        "repositoryURL": "https://github.com/apple/swift-nio-ssl.git",
        "state": {
          "branch": null,
          "revision": "2e74773972bd6254c41ceeda827f229bccbf1c0f",
          "version": "2.15.0"
        }
      },
      {
        "package": "SwiftFormat",
        "repositoryURL": "https://github.com/nicklockwood/SwiftFormat.git",
        "state": {
          "branch": null,
          "revision": "fab94f3ca17f0f75e87787ed83b3a9423348b14c",
          "version": "0.49.1"
        }
      },
      {
        "package": "SwiftLint",
        "repositoryURL": "https://github.com/realm/SwiftLint.git",
        "state": {
          "branch": null,
          "revision": "95349376fdba465a6cd1b21b4ea65ffd5fdb14b4",
          "version": "0.45.1"
        }
      },
      {
        "package": "SwiftyTextTable",
        "repositoryURL": "https://github.com/scottrhoyt/SwiftyTextTable.git",
        "state": {
          "branch": null,
          "revision": "c6df6cf533d120716bff38f8ff9885e1ce2a4ac3",
          "version": "0.9.0"
        }
      },
      {
        "package": "SWXMLHash",
        "repositoryURL": "https://github.com/drmohundro/SWXMLHash.git",
        "state": {
          "branch": null,
          "revision": "9183170d20857753d4f331b0ca63f73c60764bf3",
          "version": "5.0.2"
        }
      },
      {
        "package": "xcbeautify",
        "repositoryURL": "https://github.com/tuist/xcbeautify.git",
        "state": {
          "branch": null,
          "revision": "b14660cc03d96889d2144265fbca471ea0076e40",
          "version": "0.11.0"
        }
      },
      {
        "package": "XMLCoder",
        "repositoryURL": "https://github.com/MaxDesiatov/XMLCoder.git",
        "state": {
          "branch": null,
          "revision": "f30119af03996939cc4f54e0bf0dda9f88a84da5",
          "version": "0.13.1"
        }
      },
      {
        "package": "Yams",
        "repositoryURL": "https://github.com/jpsim/Yams.git",
        "state": {
          "branch": null,
          "revision": "9ff1cc9327586db4e0c8f46f064b6a82ec1566fa",
          "version": "4.0.6"
        }
      }
    ]
  },
  "version": 1
}
